// !$*UTF8*$!
{
	archiveVersion = 1;
	classes = {
	};
	objectVersion = 56;
	objects = {

/* Begin PBXBuildFile section */
		68A6CDA42926BFA60000F5E1 /* User.swift in Sources */ = {isa = PBXBuildFile; fileRef = 68A6CDA32926BFA60000F5E1 /* User.swift */; };
		68A6CDA62926BFB00000F5E1 /* Question.swift in Sources */ = {isa = PBXBuildFile; fileRef = 68A6CDA52926BFB00000F5E1 /* Question.swift */; };
		68A6CDA92926BFE50000F5E1 /* QuizManager.swift in Sources */ = {isa = PBXBuildFile; fileRef = 68A6CDA82926BFE50000F5E1 /* QuizManager.swift */; };
		68A6CDAB2926BFF50000F5E1 /* UserManager.swift in Sources */ = {isa = PBXBuildFile; fileRef = 68A6CDAA2926BFF50000F5E1 /* UserManager.swift */; };
		68A6CDAD2926C00D0000F5E1 /* LeaderBoardManager.swift in Sources */ = {isa = PBXBuildFile; fileRef = 68A6CDAC2926C00D0000F5E1 /* LeaderBoardManager.swift */; };
		68A6CDB02926C0530000F5E1 /* UIAlertController+showAlert.swift in Sources */ = {isa = PBXBuildFile; fileRef = 68A6CDAF2926C0530000F5E1 /* UIAlertController+showAlert.swift */; };
		81BBF1B429256CA700BD4181 /* LeaderboardViewController.swift in Sources */ = {isa = PBXBuildFile; fileRef = 81BBF1B229256CA700BD4181 /* LeaderboardViewController.swift */; };
		81BBF1B529256CA700BD4181 /* LeaderboardViewController.xib in Resources */ = {isa = PBXBuildFile; fileRef = 81BBF1B329256CA700BD4181 /* LeaderboardViewController.xib */; };
		84E256672925586900B02E53 /* AppDelegate.swift in Sources */ = {isa = PBXBuildFile; fileRef = 84E256662925586900B02E53 /* AppDelegate.swift */; };
		84E256692925586900B02E53 /* SceneDelegate.swift in Sources */ = {isa = PBXBuildFile; fileRef = 84E256682925586900B02E53 /* SceneDelegate.swift */; };
		84E2566B2925586900B02E53 /* ViewController.swift in Sources */ = {isa = PBXBuildFile; fileRef = 84E2566A2925586900B02E53 /* ViewController.swift */; };
		84E2566E2925586900B02E53 /* Main.storyboard in Resources */ = {isa = PBXBuildFile; fileRef = 84E2566C2925586900B02E53 /* Main.storyboard */; };
		84E256712925586900B02E53 /* QuizApp.xcdatamodeld in Sources */ = {isa = PBXBuildFile; fileRef = 84E2566F2925586900B02E53 /* QuizApp.xcdatamodeld */; };
		84E256732925586B00B02E53 /* Assets.xcassets in Resources */ = {isa = PBXBuildFile; fileRef = 84E256722925586B00B02E53 /* Assets.xcassets */; };
		84E256762925586B00B02E53 /* LaunchScreen.storyboard in Resources */ = {isa = PBXBuildFile; fileRef = 84E256742925586B00B02E53 /* LaunchScreen.storyboard */; };
		92E778702926A08200D60578 /* QuizesViewController.swift in Sources */ = {isa = PBXBuildFile; fileRef = 92E7786E2926A08200D60578 /* QuizesViewController.swift */; };
		92E778712926A08200D60578 /* QuizesViewController.xib in Resources */ = {isa = PBXBuildFile; fileRef = 92E7786F2926A08200D60578 /* QuizesViewController.xib */; };
		D58C6635292575C700EE4C15 /* StartNewGameViewController.swift in Sources */ = {isa = PBXBuildFile; fileRef = D58C6634292575C700EE4C15 /* StartNewGameViewController.swift */; };
		D58C66372925761800EE4C15 /* StartNewGameViewController.xib in Resources */ = {isa = PBXBuildFile; fileRef = D58C66362925761800EE4C15 /* StartNewGameViewController.xib */; };
/* End PBXBuildFile section */

/* Begin PBXFileReference section */
		68A6CDA32926BFA60000F5E1 /* User.swift */ = {isa = PBXFileReference; lastKnownFileType = sourcecode.swift; path = User.swift; sourceTree = "<group>"; };
		68A6CDA52926BFB00000F5E1 /* Question.swift */ = {isa = PBXFileReference; lastKnownFileType = sourcecode.swift; path = Question.swift; sourceTree = "<group>"; };
		68A6CDA82926BFE50000F5E1 /* QuizManager.swift */ = {isa = PBXFileReference; lastKnownFileType = sourcecode.swift; path = QuizManager.swift; sourceTree = "<group>"; };
		68A6CDAA2926BFF50000F5E1 /* UserManager.swift */ = {isa = PBXFileReference; lastKnownFileType = sourcecode.swift; path = UserManager.swift; sourceTree = "<group>"; };
		68A6CDAC2926C00D0000F5E1 /* LeaderBoardManager.swift */ = {isa = PBXFileReference; lastKnownFileType = sourcecode.swift; path = LeaderBoardManager.swift; sourceTree = "<group>"; };
		68A6CDAF2926C0530000F5E1 /* UIAlertController+showAlert.swift */ = {isa = PBXFileReference; lastKnownFileType = sourcecode.swift; path = "UIAlertController+showAlert.swift"; sourceTree = "<group>"; };
		81BBF1B229256CA700BD4181 /* LeaderboardViewController.swift */ = {isa = PBXFileReference; lastKnownFileType = sourcecode.swift; path = LeaderboardViewController.swift; sourceTree = "<group>"; };
		81BBF1B329256CA700BD4181 /* LeaderboardViewController.xib */ = {isa = PBXFileReference; lastKnownFileType = file.xib; path = LeaderboardViewController.xib; sourceTree = "<group>"; };
		84E256632925586900B02E53 /* QuizApp.app */ = {isa = PBXFileReference; explicitFileType = wrapper.application; includeInIndex = 0; path = QuizApp.app; sourceTree = BUILT_PRODUCTS_DIR; };
		84E256662925586900B02E53 /* AppDelegate.swift */ = {isa = PBXFileReference; lastKnownFileType = sourcecode.swift; path = AppDelegate.swift; sourceTree = "<group>"; };
		84E256682925586900B02E53 /* SceneDelegate.swift */ = {isa = PBXFileReference; lastKnownFileType = sourcecode.swift; path = SceneDelegate.swift; sourceTree = "<group>"; };
		84E2566A2925586900B02E53 /* ViewController.swift */ = {isa = PBXFileReference; lastKnownFileType = sourcecode.swift; path = ViewController.swift; sourceTree = "<group>"; };
		84E2566D2925586900B02E53 /* Base */ = {isa = PBXFileReference; lastKnownFileType = file.storyboard; name = Base; path = Base.lproj/Main.storyboard; sourceTree = "<group>"; };
		84E256702925586900B02E53 /* QuizApp.xcdatamodel */ = {isa = PBXFileReference; lastKnownFileType = wrapper.xcdatamodel; path = QuizApp.xcdatamodel; sourceTree = "<group>"; };
		84E256722925586B00B02E53 /* Assets.xcassets */ = {isa = PBXFileReference; lastKnownFileType = folder.assetcatalog; path = Assets.xcassets; sourceTree = "<group>"; };
		84E256752925586B00B02E53 /* Base */ = {isa = PBXFileReference; lastKnownFileType = file.storyboard; name = Base; path = Base.lproj/LaunchScreen.storyboard; sourceTree = "<group>"; };
		84E256772925586B00B02E53 /* Info.plist */ = {isa = PBXFileReference; lastKnownFileType = text.plist.xml; path = Info.plist; sourceTree = "<group>"; };
		92E7786E2926A08200D60578 /* QuizesViewController.swift */ = {isa = PBXFileReference; lastKnownFileType = sourcecode.swift; path = QuizesViewController.swift; sourceTree = "<group>"; };
		92E7786F2926A08200D60578 /* QuizesViewController.xib */ = {isa = PBXFileReference; lastKnownFileType = file.xib; path = QuizesViewController.xib; sourceTree = "<group>"; };
		D58C6634292575C700EE4C15 /* StartNewGameViewController.swift */ = {isa = PBXFileReference; lastKnownFileType = sourcecode.swift; path = StartNewGameViewController.swift; sourceTree = "<group>"; };
		D58C66362925761800EE4C15 /* StartNewGameViewController.xib */ = {isa = PBXFileReference; lastKnownFileType = file.xib; path = StartNewGameViewController.xib; sourceTree = "<group>"; };
/* End PBXFileReference section */

/* Begin PBXFrameworksBuildPhase section */
		84E256602925586900B02E53 /* Frameworks */ = {
			isa = PBXFrameworksBuildPhase;
			buildActionMask = 2147483647;
			files = (
			);
			runOnlyForDeploymentPostprocessing = 0;
		};
/* End PBXFrameworksBuildPhase section */

/* Begin PBXGroup section */
		68A6CD9A2926BE420000F5E1 /* Main */ = {
			isa = PBXGroup;
			children = (
				84E256682925586900B02E53 /* SceneDelegate.swift */,
				84E256662925586900B02E53 /* AppDelegate.swift */,
			);
			path = Main;
			sourceTree = "<group>";
		};
		68A6CD9B2926BE600000F5E1 /* Scenes */ = {
			isa = PBXGroup;
			children = (
				68A6CDA22926BF040000F5E1 /* Helpers */,
				68A6CD9F2926BEC50000F5E1 /* NewGame */,
				68A6CD9E2926BEA50000F5E1 /* Quiz */,
				68A6CD9D2926BE8A0000F5E1 /* LeaderBoard */,
				68A6CD9C2926BE670000F5E1 /* Home */,
			);
			path = Scenes;
			sourceTree = "<group>";
		};
		68A6CD9C2926BE670000F5E1 /* Home */ = {
			isa = PBXGroup;
			children = (
				84E2566A2925586900B02E53 /* ViewController.swift */,
				84E2566C2925586900B02E53 /* Main.storyboard */,
			);
			path = Home;
			sourceTree = "<group>";
		};
		68A6CD9D2926BE8A0000F5E1 /* LeaderBoard */ = {
			isa = PBXGroup;
			children = (
				81BBF1B229256CA700BD4181 /* LeaderboardViewController.swift */,
				81BBF1B329256CA700BD4181 /* LeaderboardViewController.xib */,
			);
			path = LeaderBoard;
			sourceTree = "<group>";
		};
		68A6CD9E2926BEA50000F5E1 /* Quiz */ = {
			isa = PBXGroup;
			children = (
				92E7786E2926A08200D60578 /* QuizesViewController.swift */,
				92E7786F2926A08200D60578 /* QuizesViewController.xib */,
			);
			path = Quiz;
			sourceTree = "<group>";
		};
		68A6CD9F2926BEC50000F5E1 /* NewGame */ = {
			isa = PBXGroup;
			children = (
				D58C6634292575C700EE4C15 /* StartNewGameViewController.swift */,
				D58C66362925761800EE4C15 /* StartNewGameViewController.xib */,
			);
			path = NewGame;
			sourceTree = "<group>";
		};
		68A6CDA02926BEE60000F5E1 /* Models */ = {
			isa = PBXGroup;
			children = (
				68A6CDA32926BFA60000F5E1 /* User.swift */,
				68A6CDA52926BFB00000F5E1 /* Question.swift */,
			);
			path = Models;
			sourceTree = "<group>";
		};
		68A6CDA12926BEEF0000F5E1 /* Repositories */ = {
			isa = PBXGroup;
			children = (
			);
			path = Repositories;
			sourceTree = "<group>";
		};
		68A6CDA22926BF040000F5E1 /* Helpers */ = {
			isa = PBXGroup;
			children = (
				68A6CDAF2926C0530000F5E1 /* UIAlertController+showAlert.swift */,
			);
			path = Helpers;
			sourceTree = "<group>";
		};
		68A6CDA72926BFCC0000F5E1 /* Managers */ = {
			isa = PBXGroup;
			children = (
				68A6CDA82926BFE50000F5E1 /* QuizManager.swift */,
				68A6CDAA2926BFF50000F5E1 /* UserManager.swift */,
				68A6CDAC2926C00D0000F5E1 /* LeaderBoardManager.swift */,
			);
			path = Managers;
			sourceTree = "<group>";
		};
		84E2565A2925586900B02E53 = {
			isa = PBXGroup;
			children = (
				84E256652925586900B02E53 /* QuizApp */,
				84E256642925586900B02E53 /* Products */,
			);
			sourceTree = "<group>";
		};
		84E256642925586900B02E53 /* Products */ = {
			isa = PBXGroup;
			children = (
				84E256632925586900B02E53 /* QuizApp.app */,
			);
			name = Products;
			sourceTree = "<group>";
		};
		84E256652925586900B02E53 /* QuizApp */ = {
			isa = PBXGroup;
			children = (
				68A6CDA72926BFCC0000F5E1 /* Managers */,
				68A6CDA12926BEEF0000F5E1 /* Repositories */,
				68A6CDA02926BEE60000F5E1 /* Models */,
				68A6CD9B2926BE600000F5E1 /* Scenes */,
				68A6CD9A2926BE420000F5E1 /* Main */,
				84E256722925586B00B02E53 /* Assets.xcassets */,
				84E256742925586B00B02E53 /* LaunchScreen.storyboard */,
				84E256772925586B00B02E53 /* Info.plist */,
				84E2566F2925586900B02E53 /* QuizApp.xcdatamodeld */,
			);
			path = QuizApp;
			sourceTree = "<group>";
		};
/* End PBXGroup section */

/* Begin PBXNativeTarget section */
		84E256622925586900B02E53 /* QuizApp */ = {
			isa = PBXNativeTarget;
			buildConfigurationList = 84E2567A2925586B00B02E53 /* Build configuration list for PBXNativeTarget "QuizApp" */;
			buildPhases = (
				84E2565F2925586900B02E53 /* Sources */,
				84E256602925586900B02E53 /* Frameworks */,
				84E256612925586900B02E53 /* Resources */,
			);
			buildRules = (
			);
			dependencies = (
			);
			name = QuizApp;
			productName = QuizApp;
			productReference = 84E256632925586900B02E53 /* QuizApp.app */;
			productType = "com.apple.product-type.application";
		};
/* End PBXNativeTarget section */

/* Begin PBXProject section */
		84E2565B2925586900B02E53 /* Project object */ = {
			isa = PBXProject;
			attributes = {
				BuildIndependentTargetsInParallel = 1;
				LastSwiftUpdateCheck = 1410;
				LastUpgradeCheck = 1410;
				TargetAttributes = {
					84E256622925586900B02E53 = {
						CreatedOnToolsVersion = 14.1;
					};
				};
			};
			buildConfigurationList = 84E2565E2925586900B02E53 /* Build configuration list for PBXProject "QuizApp" */;
			compatibilityVersion = "Xcode 14.0";
			developmentRegion = en;
			hasScannedForEncodings = 0;
			knownRegions = (
				en,
				Base,
			);
			mainGroup = 84E2565A2925586900B02E53;
			productRefGroup = 84E256642925586900B02E53 /* Products */;
			projectDirPath = "";
			projectRoot = "";
			targets = (
				84E256622925586900B02E53 /* QuizApp */,
			);
		};
/* End PBXProject section */

/* Begin PBXResourcesBuildPhase section */
		84E256612925586900B02E53 /* Resources */ = {
			isa = PBXResourcesBuildPhase;
			buildActionMask = 2147483647;
			files = (
				84E256762925586B00B02E53 /* LaunchScreen.storyboard in Resources */,
				81BBF1B529256CA700BD4181 /* LeaderboardViewController.xib in Resources */,
				84E256732925586B00B02E53 /* Assets.xcassets in Resources */,
				84E2566E2925586900B02E53 /* Main.storyboard in Resources */,
				D58C66372925761800EE4C15 /* StartNewGameViewController.xib in Resources */,
				92E778712926A08200D60578 /* QuizesViewController.xib in Resources */,
			);
			runOnlyForDeploymentPostprocessing = 0;
		};
/* End PBXResourcesBuildPhase section */

/* Begin PBXSourcesBuildPhase section */
		84E2565F2925586900B02E53 /* Sources */ = {
			isa = PBXSourcesBuildPhase;
			buildActionMask = 2147483647;
			files = (
				84E2566B2925586900B02E53 /* ViewController.swift in Sources */,
				84E256672925586900B02E53 /* AppDelegate.swift in Sources */,
				68A6CDA92926BFE50000F5E1 /* QuizManager.swift in Sources */,
				92E778702926A08200D60578 /* QuizesViewController.swift in Sources */,
				68A6CDA62926BFB00000F5E1 /* Question.swift in Sources */,
				84E256712925586900B02E53 /* QuizApp.xcdatamodeld in Sources */,
				68A6CDA42926BFA60000F5E1 /* User.swift in Sources */,
				68A6CDAD2926C00D0000F5E1 /* LeaderBoardManager.swift in Sources */,
				81BBF1B429256CA700BD4181 /* LeaderboardViewController.swift in Sources */,
				D58C6635292575C700EE4C15 /* StartNewGameViewController.swift in Sources */,
				68A6CDB02926C0530000F5E1 /* UIAlertController+showAlert.swift in Sources */,
				68A6CDAB2926BFF50000F5E1 /* UserManager.swift in Sources */,
				84E256692925586900B02E53 /* SceneDelegate.swift in Sources */,
			);
			runOnlyForDeploymentPostprocessing = 0;
		};
/* End PBXSourcesBuildPhase section */

/* Begin PBXVariantGroup section */
		84E2566C2925586900B02E53 /* Main.storyboard */ = {
			isa = PBXVariantGroup;
			children = (
				84E2566D2925586900B02E53 /* Base */,
			);
			name = Main.storyboard;
			sourceTree = "<group>";
		};
		84E256742925586B00B02E53 /* LaunchScreen.storyboard */ = {
			isa = PBXVariantGroup;
			children = (
				84E256752925586B00B02E53 /* Base */,
			);
			name = LaunchScreen.storyboard;
			sourceTree = "<group>";
		};
/* End PBXVariantGroup section */

/* Begin XCBuildConfiguration section */
		84E256782925586B00B02E53 /* Debug */ = {
			isa = XCBuildConfiguration;
			buildSettings = {
				ALWAYS_SEARCH_USER_PATHS = NO;
				CLANG_ANALYZER_NONNULL = YES;
				CLANG_ANALYZER_NUMBER_OBJECT_CONVERSION = YES_AGGRESSIVE;
				CLANG_CXX_LANGUAGE_STANDARD = "gnu++20";
				CLANG_ENABLE_MODULES = YES;
				CLANG_ENABLE_OBJC_ARC = YES;
				CLANG_ENABLE_OBJC_WEAK = YES;
				CLANG_WARN_BLOCK_CAPTURE_AUTORELEASING = YES;
				CLANG_WARN_BOOL_CONVERSION = YES;
				CLANG_WARN_COMMA = YES;
				CLANG_WARN_CONSTANT_CONVERSION = YES;
				CLANG_WARN_DEPRECATED_OBJC_IMPLEMENTATIONS = YES;
				CLANG_WARN_DIRECT_OBJC_ISA_USAGE = YES_ERROR;
				CLANG_WARN_DOCUMENTATION_COMMENTS = YES;
				CLANG_WARN_EMPTY_BODY = YES;
				CLANG_WARN_ENUM_CONVERSION = YES;
				CLANG_WARN_INFINITE_RECURSION = YES;
				CLANG_WARN_INT_CONVERSION = YES;
				CLANG_WARN_NON_LITERAL_NULL_CONVERSION = YES;
				CLANG_WARN_OBJC_IMPLICIT_RETAIN_SELF = YES;
				CLANG_WARN_OBJC_LITERAL_CONVERSION = YES;
				CLANG_WARN_OBJC_ROOT_CLASS = YES_ERROR;
				CLANG_WARN_QUOTED_INCLUDE_IN_FRAMEWORK_HEADER = YES;
				CLANG_WARN_RANGE_LOOP_ANALYSIS = YES;
				CLANG_WARN_STRICT_PROTOTYPES = YES;
				CLANG_WARN_SUSPICIOUS_MOVE = YES;
				CLANG_WARN_UNGUARDED_AVAILABILITY = YES_AGGRESSIVE;
				CLANG_WARN_UNREACHABLE_CODE = YES;
				CLANG_WARN__DUPLICATE_METHOD_MATCH = YES;
				COPY_PHASE_STRIP = NO;
				DEBUG_INFORMATION_FORMAT = dwarf;
				ENABLE_STRICT_OBJC_MSGSEND = YES;
				ENABLE_TESTABILITY = YES;
				GCC_C_LANGUAGE_STANDARD = gnu11;
				GCC_DYNAMIC_NO_PIC = NO;
				GCC_NO_COMMON_BLOCKS = YES;
				GCC_OPTIMIZATION_LEVEL = 0;
				GCC_PREPROCESSOR_DEFINITIONS = (
					"DEBUG=1",
					"$(inherited)",
				);
				GCC_WARN_64_TO_32_BIT_CONVERSION = YES;
				GCC_WARN_ABOUT_RETURN_TYPE = YES_ERROR;
				GCC_WARN_UNDECLARED_SELECTOR = YES;
				GCC_WARN_UNINITIALIZED_AUTOS = YES_AGGRESSIVE;
				GCC_WARN_UNUSED_FUNCTION = YES;
				GCC_WARN_UNUSED_VARIABLE = YES;
				IPHONEOS_DEPLOYMENT_TARGET = 16.1;
				MTL_ENABLE_DEBUG_INFO = INCLUDE_SOURCE;
				MTL_FAST_MATH = YES;
				ONLY_ACTIVE_ARCH = YES;
				SDKROOT = iphoneos;
				SWIFT_ACTIVE_COMPILATION_CONDITIONS = DEBUG;
				SWIFT_OPTIMIZATION_LEVEL = "-Onone";
			};
			name = Debug;
		};
		84E256792925586B00B02E53 /* Release */ = {
			isa = XCBuildConfiguration;
			buildSettings = {
				ALWAYS_SEARCH_USER_PATHS = NO;
				CLANG_ANALYZER_NONNULL = YES;
				CLANG_ANALYZER_NUMBER_OBJECT_CONVERSION = YES_AGGRESSIVE;
				CLANG_CXX_LANGUAGE_STANDARD = "gnu++20";
				CLANG_ENABLE_MODULES = YES;
				CLANG_ENABLE_OBJC_ARC = YES;
				CLANG_ENABLE_OBJC_WEAK = YES;
				CLANG_WARN_BLOCK_CAPTURE_AUTORELEASING = YES;
				CLANG_WARN_BOOL_CONVERSION = YES;
				CLANG_WARN_COMMA = YES;
				CLANG_WARN_CONSTANT_CONVERSION = YES;
				CLANG_WARN_DEPRECATED_OBJC_IMPLEMENTATIONS = YES;
				CLANG_WARN_DIRECT_OBJC_ISA_USAGE = YES_ERROR;
				CLANG_WARN_DOCUMENTATION_COMMENTS = YES;
				CLANG_WARN_EMPTY_BODY = YES;
				CLANG_WARN_ENUM_CONVERSION = YES;
				CLANG_WARN_INFINITE_RECURSION = YES;
				CLANG_WARN_INT_CONVERSION = YES;
				CLANG_WARN_NON_LITERAL_NULL_CONVERSION = YES;
				CLANG_WARN_OBJC_IMPLICIT_RETAIN_SELF = YES;
				CLANG_WARN_OBJC_LITERAL_CONVERSION = YES;
				CLANG_WARN_OBJC_ROOT_CLASS = YES_ERROR;
				CLANG_WARN_QUOTED_INCLUDE_IN_FRAMEWORK_HEADER = YES;
				CLANG_WARN_RANGE_LOOP_ANALYSIS = YES;
				CLANG_WARN_STRICT_PROTOTYPES = YES;
				CLANG_WARN_SUSPICIOUS_MOVE = YES;
				CLANG_WARN_UNGUARDED_AVAILABILITY = YES_AGGRESSIVE;
				CLANG_WARN_UNREACHABLE_CODE = YES;
				CLANG_WARN__DUPLICATE_METHOD_MATCH = YES;
				COPY_PHASE_STRIP = NO;
				DEBUG_INFORMATION_FORMAT = "dwarf-with-dsym";
				ENABLE_NS_ASSERTIONS = NO;
				ENABLE_STRICT_OBJC_MSGSEND = YES;
				GCC_C_LANGUAGE_STANDARD = gnu11;
				GCC_NO_COMMON_BLOCKS = YES;
				GCC_WARN_64_TO_32_BIT_CONVERSION = YES;
				GCC_WARN_ABOUT_RETURN_TYPE = YES_ERROR;
				GCC_WARN_UNDECLARED_SELECTOR = YES;
				GCC_WARN_UNINITIALIZED_AUTOS = YES_AGGRESSIVE;
				GCC_WARN_UNUSED_FUNCTION = YES;
				GCC_WARN_UNUSED_VARIABLE = YES;
				IPHONEOS_DEPLOYMENT_TARGET = 16.1;
				MTL_ENABLE_DEBUG_INFO = NO;
				MTL_FAST_MATH = YES;
				SDKROOT = iphoneos;
				SWIFT_COMPILATION_MODE = wholemodule;
				SWIFT_OPTIMIZATION_LEVEL = "-O";
				VALIDATE_PRODUCT = YES;
			};
			name = Release;
		};
		84E2567B2925586B00B02E53 /* Debug */ = {
			isa = XCBuildConfiguration;
			buildSettings = {
				ASSETCATALOG_COMPILER_APPICON_NAME = AppIcon;
				ASSETCATALOG_COMPILER_GLOBAL_ACCENT_COLOR_NAME = AccentColor;
				CODE_SIGN_STYLE = Automatic;
				CURRENT_PROJECT_VERSION = 1;
				GENERATE_INFOPLIST_FILE = YES;
				INFOPLIST_FILE = QuizApp/Info.plist;
				INFOPLIST_KEY_UIApplicationSupportsIndirectInputEvents = YES;
				INFOPLIST_KEY_UILaunchStoryboardName = LaunchScreen;
				INFOPLIST_KEY_UIMainStoryboardFile = Main;
				INFOPLIST_KEY_UISupportedInterfaceOrientations = UIInterfaceOrientationPortrait;
				IPHONEOS_DEPLOYMENT_TARGET = 15.0;
				LD_RUNPATH_SEARCH_PATHS = (
					"$(inherited)",
					"@executable_path/Frameworks",
				);
				MARKETING_VERSION = 1.0;
				PRODUCT_BUNDLE_IDENTIFIER = ca.QuizApp;
				PRODUCT_NAME = "$(TARGET_NAME)";
				SWIFT_EMIT_LOC_STRINGS = YES;
				SWIFT_VERSION = 5.0;
				TARGETED_DEVICE_FAMILY = "1,2";
			};
			name = Debug;
		};
		84E2567C2925586B00B02E53 /* Release */ = {
			isa = XCBuildConfiguration;
			buildSettings = {
				ASSETCATALOG_COMPILER_APPICON_NAME = AppIcon;
				ASSETCATALOG_COMPILER_GLOBAL_ACCENT_COLOR_NAME = AccentColor;
				CODE_SIGN_STYLE = Automatic;
				CURRENT_PROJECT_VERSION = 1;
				GENERATE_INFOPLIST_FILE = YES;
				INFOPLIST_FILE = QuizApp/Info.plist;
				INFOPLIST_KEY_UIApplicationSupportsIndirectInputEvents = YES;
				INFOPLIST_KEY_UILaunchStoryboardName = LaunchScreen;
				INFOPLIST_KEY_UIMainStoryboardFile = Main;
				INFOPLIST_KEY_UISupportedInterfaceOrientations = UIInterfaceOrientationPortrait;
				IPHONEOS_DEPLOYMENT_TARGET = 15.0;
				LD_RUNPATH_SEARCH_PATHS = (
					"$(inherited)",
					"@executable_path/Frameworks",
				);
				MARKETING_VERSION = 1.0;
				PRODUCT_BUNDLE_IDENTIFIER = ca.QuizApp;
				PRODUCT_NAME = "$(TARGET_NAME)";
				SWIFT_EMIT_LOC_STRINGS = YES;
				SWIFT_VERSION = 5.0;
				TARGETED_DEVICE_FAMILY = "1,2";
			};
			name = Release;
		};
/* End XCBuildConfiguration section */

/* Begin XCConfigurationList section */
		84E2565E2925586900B02E53 /* Build configuration list for PBXProject "QuizApp" */ = {
			isa = XCConfigurationList;
			buildConfigurations = (
				84E256782925586B00B02E53 /* Debug */,
				84E256792925586B00B02E53 /* Release */,
			);
			defaultConfigurationIsVisible = 0;
			defaultConfigurationName = Release;
		};
		84E2567A2925586B00B02E53 /* Build configuration list for PBXNativeTarget "QuizApp" */ = {
			isa = XCConfigurationList;
			buildConfigurations = (
				84E2567B2925586B00B02E53 /* Debug */,
				84E2567C2925586B00B02E53 /* Release */,
			);
			defaultConfigurationIsVisible = 0;
			defaultConfigurationName = Release;
		};
/* End XCConfigurationList section */

/* Begin XCVersionGroup section */
		84E2566F2925586900B02E53 /* QuizApp.xcdatamodeld */ = {
			isa = XCVersionGroup;
			children = (
				84E256702925586900B02E53 /* QuizApp.xcdatamodel */,
			);
			currentVersion = 84E256702925586900B02E53 /* QuizApp.xcdatamodel */;
			path = QuizApp.xcdatamodeld;
			sourceTree = "<group>";
			versionGroupType = wrapper.xcdatamodel;
		};
/* End XCVersionGroup section */
	};
	rootObject = 84E2565B2925586900B02E53 /* Project object */;
}
